# This file is automatically @generated by Cargo.
# It is not intended for manual editing.
version = 3

[[package]]
name = "mock_instant"
version = "0.3.2"
source = "registry+https://github.com/rust-lang/crates.io-index"
checksum = "9366861eb2a2c436c20b12c8dbec5f798cea6b47ad99216be0282942e2c81ea0"

[[package]]
name = "supply-chain"
version = "0.1.0"
dependencies = [
 "mock_instant",
]
